
Microsoft Visual Studio Solution File, Format Version 12.00
# Visual Studio Version 17
VisualStudioVersion = 17.9.34728.123
MinimumVisualStudioVersion = 10.0.40219.1
Project("{9A19103F-16F7-4668-BE54-9A1E7A4F7556}") = "Testeger.Api", "Testeger\Api\Testeger.Api.csproj", "{13A90AE9-9B77-476D-9264-E5933EAC6029}"
EndProject
Project("{9A19103F-16F7-4668-BE54-9A1E7A4F7556}") = "Testeger.Client", "Testeger\Client\Testeger.Client.csproj", "{75359325-9954-4440-812D-7CA0633D6AB8}"
EndProject
Project("{9A19103F-16F7-4668-BE54-9A1E7A4F7556}") = "Testeger.Shared", "Testeger\Shared\Testeger.Shared.csproj", "{63D434AB-DCB5-4D8F-B327-7A4E365DCCF6}"
EndProject
Project("{9A19103F-16F7-4668-BE54-9A1E7A4F7556}") = "Testeger.Domain", "Testeger\Testeger.Domain\Testeger.Domain.csproj", "{F110BAD3-D64F-4ABC-B3BB-32775ACA2470}"
EndProject
Project("{9A19103F-16F7-4668-BE54-9A1E7A4F7556}") = "Testeger.Application", "Testeger\Testeger.Application\Testeger.Application.csproj", "{E0438694-EEAE-454A-8A23-82694EA17C12}"
EndProject
Project("{9A19103F-16F7-4668-BE54-9A1E7A4F7556}") = "Testeger.Infra", "Testeger\Testeger.Infra\Testeger.Infra.csproj", "{87AAC2CA-5EF8-4219-B05D-D2A489DF18A6}"
EndProject
Project("{2150E333-8FDC-42A3-9474-1A3956D46DE8}") = "Core", "Core", "{9A343A55-1A82-4E8D-8C3D-4BFE0B63DE3A}"
EndProject
Project("{2150E333-8FDC-42A3-9474-1A3956D46DE8}") = "Persistence", "Persistence", "{77CC3070-430B-4AB3-8378-AC576E2B9AFC}"
EndProject
Project("{2150E333-8FDC-42A3-9474-1A3956D46DE8}") = "Presentation", "Presentation", "{53E45216-5791-4DBE-A7E2-41E5F6A5FB44}"
EndProject
Project("{FAE04EC0-301F-11D3-BF4B-00C04F79EFBC}") = "FunctionApi", "Testeger\FunctionApi\FunctionApi.csproj", "{3E076261-D8A0-4296-AFB4-71685BBE9C8E}"
EndProject
Global
	GlobalSection(SolutionConfigurationPlatforms) = preSolution
		Debug|Any CPU = Debug|Any CPU
		Release|Any CPU = Release|Any CPU
	EndGlobalSection
	GlobalSection(ProjectConfigurationPlatforms) = postSolution
		{13A90AE9-9B77-476D-9264-E5933EAC6029}.Debug|Any CPU.ActiveCfg = Debug|Any CPU
		{13A90AE9-9B77-476D-9264-E5933EAC6029}.Debug|Any CPU.Build.0 = Debug|Any CPU
		{13A90AE9-9B77-476D-9264-E5933EAC6029}.Release|Any CPU.ActiveCfg = Release|Any CPU
		{13A90AE9-9B77-476D-9264-E5933EAC6029}.Release|Any CPU.Build.0 = Release|Any CPU
		{75359325-9954-4440-812D-7CA0633D6AB8}.Debug|Any CPU.ActiveCfg = Debug|Any CPU
		{75359325-9954-4440-812D-7CA0633D6AB8}.Debug|Any CPU.Build.0 = Debug|Any CPU
		{75359325-9954-4440-812D-7CA0633D6AB8}.Release|Any CPU.ActiveCfg = Release|Any CPU
		{75359325-9954-4440-812D-7CA0633D6AB8}.Release|Any CPU.Build.0 = Release|Any CPU
		{63D434AB-DCB5-4D8F-B327-7A4E365DCCF6}.Debug|Any CPU.ActiveCfg = Debug|Any CPU
		{63D434AB-DCB5-4D8F-B327-7A4E365DCCF6}.Debug|Any CPU.Build.0 = Debug|Any CPU
		{63D434AB-DCB5-4D8F-B327-7A4E365DCCF6}.Release|Any CPU.ActiveCfg = Release|Any CPU
		{63D434AB-DCB5-4D8F-B327-7A4E365DCCF6}.Release|Any CPU.Build.0 = Release|Any CPU
		{F110BAD3-D64F-4ABC-B3BB-32775ACA2470}.Debug|Any CPU.ActiveCfg = Debug|Any CPU
		{F110BAD3-D64F-4ABC-B3BB-32775ACA2470}.Debug|Any CPU.Build.0 = Debug|Any CPU
		{F110BAD3-D64F-4ABC-B3BB-32775ACA2470}.Release|Any CPU.ActiveCfg = Release|Any CPU
		{F110BAD3-D64F-4ABC-B3BB-32775ACA2470}.Release|Any CPU.Build.0 = Release|Any CPU
		{E0438694-EEAE-454A-8A23-82694EA17C12}.Debug|Any CPU.ActiveCfg = Debug|Any CPU
		{E0438694-EEAE-454A-8A23-82694EA17C12}.Debug|Any CPU.Build.0 = Debug|Any CPU
		{E0438694-EEAE-454A-8A23-82694EA17C12}.Release|Any CPU.ActiveCfg = Release|Any CPU
		{E0438694-EEAE-454A-8A23-82694EA17C12}.Release|Any CPU.Build.0 = Release|Any CPU
		{87AAC2CA-5EF8-4219-B05D-D2A489DF18A6}.Debug|Any CPU.ActiveCfg = Debug|Any CPU
		{87AAC2CA-5EF8-4219-B05D-D2A489DF18A6}.Debug|Any CPU.Build.0 = Debug|Any CPU
		{87AAC2CA-5EF8-4219-B05D-D2A489DF18A6}.Release|Any CPU.ActiveCfg = Release|Any CPU
		{87AAC2CA-5EF8-4219-B05D-D2A489DF18A6}.Release|Any CPU.Build.0 = Release|Any CPU
		{3E076261-D8A0-4296-AFB4-71685BBE9C8E}.Debug|Any CPU.ActiveCfg = Debug|Any CPU
		{3E076261-D8A0-4296-AFB4-71685BBE9C8E}.Debug|Any CPU.Build.0 = Debug|Any CPU
		{3E076261-D8A0-4296-AFB4-71685BBE9C8E}.Release|Any CPU.ActiveCfg = Release|Any CPU
		{3E076261-D8A0-4296-AFB4-71685BBE9C8E}.Release|Any CPU.Build.0 = Release|Any CPU
	EndGlobalSection
	GlobalSection(SolutionProperties) = preSolution
		HideSolutionNode = FALSE
	EndGlobalSection
	GlobalSection(NestedProjects) = preSolution
		{13A90AE9-9B77-476D-9264-E5933EAC6029} = {53E45216-5791-4DBE-A7E2-41E5F6A5FB44}
		{75359325-9954-4440-812D-7CA0633D6AB8} = {53E45216-5791-4DBE-A7E2-41E5F6A5FB44}
		{F110BAD3-D64F-4ABC-B3BB-32775ACA2470} = {9A343A55-1A82-4E8D-8C3D-4BFE0B63DE3A}
		{E0438694-EEAE-454A-8A23-82694EA17C12} = {9A343A55-1A82-4E8D-8C3D-4BFE0B63DE3A}
		{87AAC2CA-5EF8-4219-B05D-D2A489DF18A6} = {77CC3070-430B-4AB3-8378-AC576E2B9AFC}
	EndGlobalSection
	GlobalSection(ExtensibilityGlobals) = postSolution
		SolutionGuid = {B24F2516-7536-437A-AD11-5AD1BE072A8E}
	EndGlobalSection
EndGlobal
