
Microsoft Visual Studio Solution File, Format Version 12.00
# Visual Studio Version 17
VisualStudioVersion = 17.9.34728.123
MinimumVisualStudioVersion = 10.0.40219.1
Project("{FAE04EC0-301F-11D3-BF4B-00C04F79EFBC}") = "Testeger.Server", "Server\Testeger.Server.csproj", "{BAE66189-4D33-4664-B31E-3C554B39CB31}"
EndProject
Project("{FAE04EC0-301F-11D3-BF4B-00C04F79EFBC}") = "Testeger.Client", "Client\Testeger.Client.csproj", "{9367C8A2-7E47-42A5-9F48-64D26CD260F3}"
EndProject
Project("{FAE04EC0-301F-11D3-BF4B-00C04F79EFBC}") = "Testeger.Shared", "Shared\Testeger.Shared.csproj", "{7435640F-85A3-4DE9-9FA4-0A7ECE308849}"
EndProject
Global
	GlobalSection(SolutionConfigurationPlatforms) = preSolution
		Debug|Any CPU = Debug|Any CPU
		Release|Any CPU = Release|Any CPU
	EndGlobalSection
	GlobalSection(ProjectConfigurationPlatforms) = postSolution
		{BAE66189-4D33-4664-B31E-3C554B39CB31}.Debug|Any CPU.ActiveCfg = Debug|Any CPU
		{BAE66189-4D33-4664-B31E-3C554B39CB31}.Debug|Any CPU.Build.0 = Debug|Any CPU
		{BAE66189-4D33-4664-B31E-3C554B39CB31}.Release|Any CPU.ActiveCfg = Release|Any CPU
		{BAE66189-4D33-4664-B31E-3C554B39CB31}.Release|Any CPU.Build.0 = Release|Any CPU
		{9367C8A2-7E47-42A5-9F48-64D26CD260F3}.Debug|Any CPU.ActiveCfg = Debug|Any CPU
		{9367C8A2-7E47-42A5-9F48-64D26CD260F3}.Debug|Any CPU.Build.0 = Debug|Any CPU
		{9367C8A2-7E47-42A5-9F48-64D26CD260F3}.Release|Any CPU.ActiveCfg = Release|Any CPU
		{9367C8A2-7E47-42A5-9F48-64D26CD260F3}.Release|Any CPU.Build.0 = Release|Any CPU
		{7435640F-85A3-4DE9-9FA4-0A7ECE308849}.Debug|Any CPU.ActiveCfg = Debug|Any CPU
		{7435640F-85A3-4DE9-9FA4-0A7ECE308849}.Debug|Any CPU.Build.0 = Debug|Any CPU
		{7435640F-85A3-4DE9-9FA4-0A7ECE308849}.Release|Any CPU.ActiveCfg = Release|Any CPU
		{7435640F-85A3-4DE9-9FA4-0A7ECE308849}.Release|Any CPU.Build.0 = Release|Any CPU
	EndGlobalSection
	GlobalSection(SolutionProperties) = preSolution
		HideSolutionNode = FALSE
	EndGlobalSection
	GlobalSection(ExtensibilityGlobals) = postSolution
		SolutionGuid = {0E82D0D8-F813-4A1C-B055-8D2F591DD73B}
	EndGlobalSection
EndGlobal
