
Microsoft Visual Studio Solution File, Format Version 12.00
# Visual Studio Version 17
VisualStudioVersion = 17.9.34728.123
MinimumVisualStudioVersion = 10.0.40219.1
Project("{9A19103F-16F7-4668-BE54-9A1E7A4F7556}") = "Testeger.Server", "Testeger\Server\Testeger.Server.csproj", "{13A90AE9-9B77-476D-9264-E5933EAC6029}"
EndProject
Project("{9A19103F-16F7-4668-BE54-9A1E7A4F7556}") = "Testeger.Client", "Testeger\Client\Testeger.Client.csproj", "{75359325-9954-4440-812D-7CA0633D6AB8}"
EndProject
Project("{9A19103F-16F7-4668-BE54-9A1E7A4F7556}") = "Testeger.Shared", "Testeger\Shared\Testeger.Shared.csproj", "{63D434AB-DCB5-4D8F-B327-7A4E365DCCF6}"
EndProject
Global
	GlobalSection(SolutionConfigurationPlatforms) = preSolution
		Debug|Any CPU = Debug|Any CPU
		Release|Any CPU = Release|Any CPU
	EndGlobalSection
	GlobalSection(ProjectConfigurationPlatforms) = postSolution
		{13A90AE9-9B77-476D-9264-E5933EAC6029}.Debug|Any CPU.ActiveCfg = Debug|Any CPU
		{13A90AE9-9B77-476D-9264-E5933EAC6029}.Debug|Any CPU.Build.0 = Debug|Any CPU
		{13A90AE9-9B77-476D-9264-E5933EAC6029}.Release|Any CPU.ActiveCfg = Release|Any CPU
		{13A90AE9-9B77-476D-9264-E5933EAC6029}.Release|Any CPU.Build.0 = Release|Any CPU
		{75359325-9954-4440-812D-7CA0633D6AB8}.Debug|Any CPU.ActiveCfg = Debug|Any CPU
		{75359325-9954-4440-812D-7CA0633D6AB8}.Debug|Any CPU.Build.0 = Debug|Any CPU
		{75359325-9954-4440-812D-7CA0633D6AB8}.Release|Any CPU.ActiveCfg = Release|Any CPU
		{75359325-9954-4440-812D-7CA0633D6AB8}.Release|Any CPU.Build.0 = Release|Any CPU
		{63D434AB-DCB5-4D8F-B327-7A4E365DCCF6}.Debug|Any CPU.ActiveCfg = Debug|Any CPU
		{63D434AB-DCB5-4D8F-B327-7A4E365DCCF6}.Debug|Any CPU.Build.0 = Debug|Any CPU
		{63D434AB-DCB5-4D8F-B327-7A4E365DCCF6}.Release|Any CPU.ActiveCfg = Release|Any CPU
		{63D434AB-DCB5-4D8F-B327-7A4E365DCCF6}.Release|Any CPU.Build.0 = Release|Any CPU
	EndGlobalSection
	GlobalSection(SolutionProperties) = preSolution
		HideSolutionNode = FALSE
	EndGlobalSection
	GlobalSection(ExtensibilityGlobals) = postSolution
		SolutionGuid = {B24F2516-7536-437A-AD11-5AD1BE072A8E}
	EndGlobalSection
EndGlobal
